
Microsoft Visual Studio Solution File, Format Version 12.00
# Visual Studio 15
VisualStudioVersion = 15.0.26430.16
MinimumVisualStudioVersion = 10.0.40219.1
Project("{FAE04EC0-301F-11D3-BF4B-00C04F79EFBC}") = "TestAppWithCoverage", "TestAppWithCoverage\TestAppWithCoverage.csproj", "{20DCB513-1009-41C8-A37D-93110AB6D5CE}"
EndProject
Project("{FAE04EC0-301F-11D3-BF4B-00C04F79EFBC}") = "TestAppWithCoverageTests", "TestAppWithCoverageTests\TestAppWithCoverageTests.csproj", "{5B2E50DA-4D2F-4C59-85B8-B61F206628B2}"
EndProject
Global
	GlobalSection(SolutionConfigurationPlatforms) = preSolution
		Debug|Any CPU = Debug|Any CPU
		Release|Any CPU = Release|Any CPU
	EndGlobalSection
	GlobalSection(ProjectConfigurationPlatforms) = postSolution
		{20DCB513-1009-41C8-A37D-93110AB6D5CE}.Debug|Any CPU.ActiveCfg = Debug|Any CPU
		{20DCB513-1009-41C8-A37D-93110AB6D5CE}.Debug|Any CPU.Build.0 = Debug|Any CPU
		{20DCB513-1009-41C8-A37D-93110AB6D5CE}.Release|Any CPU.ActiveCfg = Release|Any CPU
		{20DCB513-1009-41C8-A37D-93110AB6D5CE}.Release|Any CPU.Build.0 = Release|Any CPU
		{5B2E50DA-4D2F-4C59-85B8-B61F206628B2}.Debug|Any CPU.ActiveCfg = Debug|Any CPU
		{5B2E50DA-4D2F-4C59-85B8-B61F206628B2}.Debug|Any CPU.Build.0 = Debug|Any CPU
		{5B2E50DA-4D2F-4C59-85B8-B61F206628B2}.Release|Any CPU.ActiveCfg = Release|Any CPU
		{5B2E50DA-4D2F-4C59-85B8-B61F206628B2}.Release|Any CPU.Build.0 = Release|Any CPU
	EndGlobalSection
	GlobalSection(SolutionProperties) = preSolution
		HideSolutionNode = FALSE
	EndGlobalSection
EndGlobal
